// !$*UTF8*$!
{
	archiveVersion = 1;
	classes = {
	};
	objectVersion = 56;
	objects = {

/* Begin PBXBuildFile section */
		2B51FD5F28FEAA5600162C5C /* MyFirstSwiftUIApp.swift in Sources */ = {isa = PBXBuildFile; fileRef = 2B51FD5E28FEAA5600162C5C /* MyFirstSwiftUIApp.swift */; };
		2B51FD6128FEAA5600162C5C /* ContentView.swift in Sources */ = {isa = PBXBuildFile; fileRef = 2B51FD6028FEAA5600162C5C /* ContentView.swift */; };
		2B51FD6328FEAA5700162C5C /* Assets.xcassets in Resources */ = {isa = PBXBuildFile; fileRef = 2B51FD6228FEAA5700162C5C /* Assets.xcassets */; };
		2B51FD6728FEAA5700162C5C /* Preview Assets.xcassets in Resources */ = {isa = PBXBuildFile; fileRef = 2B51FD6628FEAA5700162C5C /* Preview Assets.xcassets */; };
		2B51FD7128FEAA5700162C5C /* MyFirstSwiftUITests.swift in Sources */ = {isa = PBXBuildFile; fileRef = 2B51FD7028FEAA5700162C5C /* MyFirstSwiftUITests.swift */; };
		2B51FD7B28FEAA5700162C5C /* MyFirstSwiftUIUITests.swift in Sources */ = {isa = PBXBuildFile; fileRef = 2B51FD7A28FEAA5700162C5C /* MyFirstSwiftUIUITests.swift */; };
		2B51FD7D28FEAA5700162C5C /* MyFirstSwiftUIUITestsLaunchTests.swift in Sources */ = {isa = PBXBuildFile; fileRef = 2B51FD7C28FEAA5700162C5C /* MyFirstSwiftUIUITestsLaunchTests.swift */; };
		2BCDAE992913AA810088B135 /* ImagePicker.swift in Sources */ = {isa = PBXBuildFile; fileRef = 2BCDAE982913AA810088B135 /* ImagePicker.swift */; };
		2BCDAE9B2913B0AA0088B135 /* TestUI.swift in Sources */ = {isa = PBXBuildFile; fileRef = 2BCDAE9A2913B0AA0088B135 /* TestUI.swift */; };
/* End PBXBuildFile section */

/* Begin PBXContainerItemProxy section */
		2B51FD6D28FEAA5700162C5C /* PBXContainerItemProxy */ = {
			isa = PBXContainerItemProxy;
			containerPortal = 2B51FD5328FEAA5600162C5C /* Project object */;
			proxyType = 1;
			remoteGlobalIDString = 2B51FD5A28FEAA5600162C5C;
			remoteInfo = MyFirstSwiftUI;
		};
		2B51FD7728FEAA5700162C5C /* PBXContainerItemProxy */ = {
			isa = PBXContainerItemProxy;
			containerPortal = 2B51FD5328FEAA5600162C5C /* Project object */;
			proxyType = 1;
			remoteGlobalIDString = 2B51FD5A28FEAA5600162C5C;
			remoteInfo = MyFirstSwiftUI;
		};
/* End PBXContainerItemProxy section */

/* Begin PBXFileReference section */
		2B51FD5B28FEAA5600162C5C /* MyFirstSwiftUI.app */ = {isa = PBXFileReference; explicitFileType = wrapper.application; includeInIndex = 0; path = MyFirstSwiftUI.app; sourceTree = BUILT_PRODUCTS_DIR; };
		2B51FD5E28FEAA5600162C5C /* MyFirstSwiftUIApp.swift */ = {isa = PBXFileReference; lastKnownFileType = sourcecode.swift; path = MyFirstSwiftUIApp.swift; sourceTree = "<group>"; };
		2B51FD6028FEAA5600162C5C /* ContentView.swift */ = {isa = PBXFileReference; lastKnownFileType = sourcecode.swift; path = ContentView.swift; sourceTree = "<group>"; };
		2B51FD6228FEAA5700162C5C /* Assets.xcassets */ = {isa = PBXFileReference; lastKnownFileType = folder.assetcatalog; path = Assets.xcassets; sourceTree = "<group>"; };
		2B51FD6428FEAA5700162C5C /* MyFirstSwiftUI.entitlements */ = {isa = PBXFileReference; lastKnownFileType = text.plist.entitlements; path = MyFirstSwiftUI.entitlements; sourceTree = "<group>"; };
		2B51FD6628FEAA5700162C5C /* Preview Assets.xcassets */ = {isa = PBXFileReference; lastKnownFileType = folder.assetcatalog; path = "Preview Assets.xcassets"; sourceTree = "<group>"; };
		2B51FD6C28FEAA5700162C5C /* MyFirstSwiftUITests.xctest */ = {isa = PBXFileReference; explicitFileType = wrapper.cfbundle; includeInIndex = 0; path = MyFirstSwiftUITests.xctest; sourceTree = BUILT_PRODUCTS_DIR; };
		2B51FD7028FEAA5700162C5C /* MyFirstSwiftUITests.swift */ = {isa = PBXFileReference; lastKnownFileType = sourcecode.swift; path = MyFirstSwiftUITests.swift; sourceTree = "<group>"; };
		2B51FD7628FEAA5700162C5C /* MyFirstSwiftUIUITests.xctest */ = {isa = PBXFileReference; explicitFileType = wrapper.cfbundle; includeInIndex = 0; path = MyFirstSwiftUIUITests.xctest; sourceTree = BUILT_PRODUCTS_DIR; };
		2B51FD7A28FEAA5700162C5C /* MyFirstSwiftUIUITests.swift */ = {isa = PBXFileReference; lastKnownFileType = sourcecode.swift; path = MyFirstSwiftUIUITests.swift; sourceTree = "<group>"; };
		2B51FD7C28FEAA5700162C5C /* MyFirstSwiftUIUITestsLaunchTests.swift */ = {isa = PBXFileReference; lastKnownFileType = sourcecode.swift; path = MyFirstSwiftUIUITestsLaunchTests.swift; sourceTree = "<group>"; };
		2BCDAE982913AA810088B135 /* ImagePicker.swift */ = {isa = PBXFileReference; lastKnownFileType = sourcecode.swift; path = ImagePicker.swift; sourceTree = "<group>"; };
		2BCDAE9A2913B0AA0088B135 /* TestUI.swift */ = {isa = PBXFileReference; lastKnownFileType = sourcecode.swift; path = TestUI.swift; sourceTree = "<group>"; };
/* End PBXFileReference section */

/* Begin PBXFrameworksBuildPhase section */
		2B51FD5828FEAA5600162C5C /* Frameworks */ = {
			isa = PBXFrameworksBuildPhase;
			buildActionMask = 2147483647;
			files = (
			);
			runOnlyForDeploymentPostprocessing = 0;
		};
		2B51FD6928FEAA5700162C5C /* Frameworks */ = {
			isa = PBXFrameworksBuildPhase;
			buildActionMask = 2147483647;
			files = (
			);
			runOnlyForDeploymentPostprocessing = 0;
		};
		2B51FD7328FEAA5700162C5C /* Frameworks */ = {
			isa = PBXFrameworksBuildPhase;
			buildActionMask = 2147483647;
			files = (
			);
			runOnlyForDeploymentPostprocessing = 0;
		};
/* End PBXFrameworksBuildPhase section */

/* Begin PBXGroup section */
		2B51FD5228FEAA5600162C5C = {
			isa = PBXGroup;
			children = (
				2B51FD5D28FEAA5600162C5C /* MyFirstSwiftUI */,
				2B51FD6F28FEAA5700162C5C /* MyFirstSwiftUITests */,
				2B51FD7928FEAA5700162C5C /* MyFirstSwiftUIUITests */,
				2B51FD5C28FEAA5600162C5C /* Products */,
			);
			sourceTree = "<group>";
		};
		2B51FD5C28FEAA5600162C5C /* Products */ = {
			isa = PBXGroup;
			children = (
				2B51FD5B28FEAA5600162C5C /* MyFirstSwiftUI.app */,
				2B51FD6C28FEAA5700162C5C /* MyFirstSwiftUITests.xctest */,
				2B51FD7628FEAA5700162C5C /* MyFirstSwiftUIUITests.xctest */,
			);
			name = Products;
			sourceTree = "<group>";
		};
		2B51FD5D28FEAA5600162C5C /* MyFirstSwiftUI */ = {
			isa = PBXGroup;
			children = (
				2B51FD5E28FEAA5600162C5C /* MyFirstSwiftUIApp.swift */,
				2B51FD6028FEAA5600162C5C /* ContentView.swift */,
				2BCDAE982913AA810088B135 /* ImagePicker.swift */,
				2BCDAE9A2913B0AA0088B135 /* TestUI.swift */,
				2B51FD6228FEAA5700162C5C /* Assets.xcassets */,
				2B51FD6428FEAA5700162C5C /* MyFirstSwiftUI.entitlements */,
				2B51FD6528FEAA5700162C5C /* Preview Content */,
			);
			path = MyFirstSwiftUI;
			sourceTree = "<group>";
		};
		2B51FD6528FEAA5700162C5C /* Preview Content */ = {
			isa = PBXGroup;
			children = (
				2B51FD6628FEAA5700162C5C /* Preview Assets.xcassets */,
			);
			path = "Preview Content";
			sourceTree = "<group>";
		};
		2B51FD6F28FEAA5700162C5C /* MyFirstSwiftUITests */ = {
			isa = PBXGroup;
			children = (
				2B51FD7028FEAA5700162C5C /* MyFirstSwiftUITests.swift */,
			);
			path = MyFirstSwiftUITests;
			sourceTree = "<group>";
		};
		2B51FD7928FEAA5700162C5C /* MyFirstSwiftUIUITests */ = {
			isa = PBXGroup;
			children = (
				2B51FD7A28FEAA5700162C5C /* MyFirstSwiftUIUITests.swift */,
				2B51FD7C28FEAA5700162C5C /* MyFirstSwiftUIUITestsLaunchTests.swift */,
			);
			path = MyFirstSwiftUIUITests;
			sourceTree = "<group>";
		};
/* End PBXGroup section */

/* Begin PBXNativeTarget section */
		2B51FD5A28FEAA5600162C5C /* MyFirstSwiftUI */ = {
			isa = PBXNativeTarget;
			buildConfigurationList = 2B51FD8028FEAA5700162C5C /* Build configuration list for PBXNativeTarget "MyFirstSwiftUI" */;
			buildPhases = (
				2B51FD5728FEAA5600162C5C /* Sources */,
				2B51FD5828FEAA5600162C5C /* Frameworks */,
				2B51FD5928FEAA5600162C5C /* Resources */,
			);
			buildRules = (
			);
			dependencies = (
			);
			name = MyFirstSwiftUI;
			productName = MyFirstSwiftUI;
			productReference = 2B51FD5B28FEAA5600162C5C /* MyFirstSwiftUI.app */;
			productType = "com.apple.product-type.application";
		};
		2B51FD6B28FEAA5700162C5C /* MyFirstSwiftUITests */ = {
			isa = PBXNativeTarget;
			buildConfigurationList = 2B51FD8328FEAA5700162C5C /* Build configuration list for PBXNativeTarget "MyFirstSwiftUITests" */;
			buildPhases = (
				2B51FD6828FEAA5700162C5C /* Sources */,
				2B51FD6928FEAA5700162C5C /* Frameworks */,
				2B51FD6A28FEAA5700162C5C /* Resources */,
			);
			buildRules = (
			);
			dependencies = (
				2B51FD6E28FEAA5700162C5C /* PBXTargetDependency */,
			);
			name = MyFirstSwiftUITests;
			productName = MyFirstSwiftUITests;
			productReference = 2B51FD6C28FEAA5700162C5C /* MyFirstSwiftUITests.xctest */;
			productType = "com.apple.product-type.bundle.unit-test";
		};
		2B51FD7528FEAA5700162C5C /* MyFirstSwiftUIUITests */ = {
			isa = PBXNativeTarget;
			buildConfigurationList = 2B51FD8628FEAA5700162C5C /* Build configuration list for PBXNativeTarget "MyFirstSwiftUIUITests" */;
			buildPhases = (
				2B51FD7228FEAA5700162C5C /* Sources */,
				2B51FD7328FEAA5700162C5C /* Frameworks */,
				2B51FD7428FEAA5700162C5C /* Resources */,
			);
			buildRules = (
			);
			dependencies = (
				2B51FD7828FEAA5700162C5C /* PBXTargetDependency */,
			);
			name = MyFirstSwiftUIUITests;
			productName = MyFirstSwiftUIUITests;
			productReference = 2B51FD7628FEAA5700162C5C /* MyFirstSwiftUIUITests.xctest */;
			productType = "com.apple.product-type.bundle.ui-testing";
		};
/* End PBXNativeTarget section */

/* Begin PBXProject section */
		2B51FD5328FEAA5600162C5C /* Project object */ = {
			isa = PBXProject;
			attributes = {
				BuildIndependentTargetsInParallel = 1;
				LastSwiftUpdateCheck = 1400;
				LastUpgradeCheck = 1400;
				TargetAttributes = {
					2B51FD5A28FEAA5600162C5C = {
						CreatedOnToolsVersion = 14.0.1;
					};
					2B51FD6B28FEAA5700162C5C = {
						CreatedOnToolsVersion = 14.0.1;
						TestTargetID = 2B51FD5A28FEAA5600162C5C;
					};
					2B51FD7528FEAA5700162C5C = {
						CreatedOnToolsVersion = 14.0.1;
						TestTargetID = 2B51FD5A28FEAA5600162C5C;
					};
				};
			};
			buildConfigurationList = 2B51FD5628FEAA5600162C5C /* Build configuration list for PBXProject "MyFirstSwiftUI" */;
			compatibilityVersion = "Xcode 14.0";
			developmentRegion = en;
			hasScannedForEncodings = 0;
			knownRegions = (
				en,
				Base,
			);
			mainGroup = 2B51FD5228FEAA5600162C5C;
			productRefGroup = 2B51FD5C28FEAA5600162C5C /* Products */;
			projectDirPath = "";
			projectRoot = "";
			targets = (
				2B51FD5A28FEAA5600162C5C /* MyFirstSwiftUI */,
				2B51FD6B28FEAA5700162C5C /* MyFirstSwiftUITests */,
				2B51FD7528FEAA5700162C5C /* MyFirstSwiftUIUITests */,
			);
		};
/* End PBXProject section */

/* Begin PBXResourcesBuildPhase section */
		2B51FD5928FEAA5600162C5C /* Resources */ = {
			isa = PBXResourcesBuildPhase;
			buildActionMask = 2147483647;
			files = (
				2B51FD6728FEAA5700162C5C /* Preview Assets.xcassets in Resources */,
				2B51FD6328FEAA5700162C5C /* Assets.xcassets in Resources */,
			);
			runOnlyForDeploymentPostprocessing = 0;
		};
		2B51FD6A28FEAA5700162C5C /* Resources */ = {
			isa = PBXResourcesBuildPhase;
			buildActionMask = 2147483647;
			files = (
			);
			runOnlyForDeploymentPostprocessing = 0;
		};
		2B51FD7428FEAA5700162C5C /* Resources */ = {
			isa = PBXResourcesBuildPhase;
			buildActionMask = 2147483647;
			files = (
			);
			runOnlyForDeploymentPostprocessing = 0;
		};
/* End PBXResourcesBuildPhase section */

/* Begin PBXSourcesBuildPhase section */
		2B51FD5728FEAA5600162C5C /* Sources */ = {
			isa = PBXSourcesBuildPhase;
			buildActionMask = 2147483647;
			files = (
				2BCDAE992913AA810088B135 /* ImagePicker.swift in Sources */,
				2BCDAE9B2913B0AA0088B135 /* TestUI.swift in Sources */,
				2B51FD6128FEAA5600162C5C /* ContentView.swift in Sources */,
				2B51FD5F28FEAA5600162C5C /* MyFirstSwiftUIApp.swift in Sources */,
			);
			runOnlyForDeploymentPostprocessing = 0;
		};
		2B51FD6828FEAA5700162C5C /* Sources */ = {
			isa = PBXSourcesBuildPhase;
			buildActionMask = 2147483647;
			files = (
				2B51FD7128FEAA5700162C5C /* MyFirstSwiftUITests.swift in Sources */,
			);
			runOnlyForDeploymentPostprocessing = 0;
		};
		2B51FD7228FEAA5700162C5C /* Sources */ = {
			isa = PBXSourcesBuildPhase;
			buildActionMask = 2147483647;
			files = (
				2B51FD7B28FEAA5700162C5C /* MyFirstSwiftUIUITests.swift in Sources */,
				2B51FD7D28FEAA5700162C5C /* MyFirstSwiftUIUITestsLaunchTests.swift in Sources */,
			);
			runOnlyForDeploymentPostprocessing = 0;
		};
/* End PBXSourcesBuildPhase section */

/* Begin PBXTargetDependency section */
		2B51FD6E28FEAA5700162C5C /* PBXTargetDependency */ = {
			isa = PBXTargetDependency;
			target = 2B51FD5A28FEAA5600162C5C /* MyFirstSwiftUI */;
			targetProxy = 2B51FD6D28FEAA5700162C5C /* PBXContainerItemProxy */;
		};
		2B51FD7828FEAA5700162C5C /* PBXTargetDependency */ = {
			isa = PBXTargetDependency;
			target = 2B51FD5A28FEAA5600162C5C /* MyFirstSwiftUI */;
			targetProxy = 2B51FD7728FEAA5700162C5C /* PBXContainerItemProxy */;
		};
/* End PBXTargetDependency section */

/* Begin XCBuildConfiguration section */
		2B51FD7E28FEAA5700162C5C /* Debug */ = {
			isa = XCBuildConfiguration;
			buildSettings = {
				ALWAYS_SEARCH_USER_PATHS = NO;
				CLANG_ANALYZER_NONNULL = YES;
				CLANG_ANALYZER_NUMBER_OBJECT_CONVERSION = YES_AGGRESSIVE;
				CLANG_CXX_LANGUAGE_STANDARD = "gnu++20";
				CLANG_ENABLE_MODULES = YES;
				CLANG_ENABLE_OBJC_ARC = YES;
				CLANG_ENABLE_OBJC_WEAK = YES;
				CLANG_WARN_BLOCK_CAPTURE_AUTORELEASING = YES;
				CLANG_WARN_BOOL_CONVERSION = YES;
				CLANG_WARN_COMMA = YES;
				CLANG_WARN_CONSTANT_CONVERSION = YES;
				CLANG_WARN_DEPRECATED_OBJC_IMPLEMENTATIONS = YES;
				CLANG_WARN_DIRECT_OBJC_ISA_USAGE = YES_ERROR;
				CLANG_WARN_DOCUMENTATION_COMMENTS = YES;
				CLANG_WARN_EMPTY_BODY = YES;
				CLANG_WARN_ENUM_CONVERSION = YES;
				CLANG_WARN_INFINITE_RECURSION = YES;
				CLANG_WARN_INT_CONVERSION = YES;
				CLANG_WARN_NON_LITERAL_NULL_CONVERSION = YES;
				CLANG_WARN_OBJC_IMPLICIT_RETAIN_SELF = YES;
				CLANG_WARN_OBJC_LITERAL_CONVERSION = YES;
				CLANG_WARN_OBJC_ROOT_CLASS = YES_ERROR;
				CLANG_WARN_QUOTED_INCLUDE_IN_FRAMEWORK_HEADER = YES;
				CLANG_WARN_RANGE_LOOP_ANALYSIS = YES;
				CLANG_WARN_STRICT_PROTOTYPES = YES;
				CLANG_WARN_SUSPICIOUS_MOVE = YES;
				CLANG_WARN_UNGUARDED_AVAILABILITY = YES_AGGRESSIVE;
				CLANG_WARN_UNREACHABLE_CODE = YES;
				CLANG_WARN__DUPLICATE_METHOD_MATCH = YES;
				COPY_PHASE_STRIP = NO;
				DEBUG_INFORMATION_FORMAT = dwarf;
				ENABLE_STRICT_OBJC_MSGSEND = YES;
				ENABLE_TESTABILITY = YES;
				GCC_C_LANGUAGE_STANDARD = gnu11;
				GCC_DYNAMIC_NO_PIC = NO;
				GCC_NO_COMMON_BLOCKS = YES;
				GCC_OPTIMIZATION_LEVEL = 0;
				GCC_PREPROCESSOR_DEFINITIONS = (
					"DEBUG=1",
					"$(inherited)",
				);
				GCC_WARN_64_TO_32_BIT_CONVERSION = YES;
				GCC_WARN_ABOUT_RETURN_TYPE = YES_ERROR;
				GCC_WARN_UNDECLARED_SELECTOR = YES;
				GCC_WARN_UNINITIALIZED_AUTOS = YES_AGGRESSIVE;
				GCC_WARN_UNUSED_FUNCTION = YES;
				GCC_WARN_UNUSED_VARIABLE = YES;
				MTL_ENABLE_DEBUG_INFO = INCLUDE_SOURCE;
				MTL_FAST_MATH = YES;
				ONLY_ACTIVE_ARCH = YES;
				SWIFT_ACTIVE_COMPILATION_CONDITIONS = DEBUG;
				SWIFT_OPTIMIZATION_LEVEL = "-Onone";
			};
			name = Debug;
		};
		2B51FD7F28FEAA5700162C5C /* Release */ = {
			isa = XCBuildConfiguration;
			buildSettings = {
				ALWAYS_SEARCH_USER_PATHS = NO;
				CLANG_ANALYZER_NONNULL = YES;
				CLANG_ANALYZER_NUMBER_OBJECT_CONVERSION = YES_AGGRESSIVE;
				CLANG_CXX_LANGUAGE_STANDARD = "gnu++20";
				CLANG_ENABLE_MODULES = YES;
				CLANG_ENABLE_OBJC_ARC = YES;
				CLANG_ENABLE_OBJC_WEAK = YES;
				CLANG_WARN_BLOCK_CAPTURE_AUTORELEASING = YES;
				CLANG_WARN_BOOL_CONVERSION = YES;
				CLANG_WARN_COMMA = YES;
				CLANG_WARN_CONSTANT_CONVERSION = YES;
				CLANG_WARN_DEPRECATED_OBJC_IMPLEMENTATIONS = YES;
				CLANG_WARN_DIRECT_OBJC_ISA_USAGE = YES_ERROR;
				CLANG_WARN_DOCUMENTATION_COMMENTS = YES;
				CLANG_WARN_EMPTY_BODY = YES;
				CLANG_WARN_ENUM_CONVERSION = YES;
				CLANG_WARN_INFINITE_RECURSION = YES;
				CLANG_WARN_INT_CONVERSION = YES;
				CLANG_WARN_NON_LITERAL_NULL_CONVERSION = YES;
				CLANG_WARN_OBJC_IMPLICIT_RETAIN_SELF = YES;
				CLANG_WARN_OBJC_LITERAL_CONVERSION = YES;
				CLANG_WARN_OBJC_ROOT_CLASS = YES_ERROR;
				CLANG_WARN_QUOTED_INCLUDE_IN_FRAMEWORK_HEADER = YES;
				CLANG_WARN_RANGE_LOOP_ANALYSIS = YES;
				CLANG_WARN_STRICT_PROTOTYPES = YES;
				CLANG_WARN_SUSPICIOUS_MOVE = YES;
				CLANG_WARN_UNGUARDED_AVAILABILITY = YES_AGGRESSIVE;
				CLANG_WARN_UNREACHABLE_CODE = YES;
				CLANG_WARN__DUPLICATE_METHOD_MATCH = YES;
				COPY_PHASE_STRIP = NO;
				DEBUG_INFORMATION_FORMAT = "dwarf-with-dsym";
				ENABLE_NS_ASSERTIONS = NO;
				ENABLE_STRICT_OBJC_MSGSEND = YES;
				GCC_C_LANGUAGE_STANDARD = gnu11;
				GCC_NO_COMMON_BLOCKS = YES;
				GCC_WARN_64_TO_32_BIT_CONVERSION = YES;
				GCC_WARN_ABOUT_RETURN_TYPE = YES_ERROR;
				GCC_WARN_UNDECLARED_SELECTOR = YES;
				GCC_WARN_UNINITIALIZED_AUTOS = YES_AGGRESSIVE;
				GCC_WARN_UNUSED_FUNCTION = YES;
				GCC_WARN_UNUSED_VARIABLE = YES;
				MTL_ENABLE_DEBUG_INFO = NO;
				MTL_FAST_MATH = YES;
				SWIFT_COMPILATION_MODE = wholemodule;
				SWIFT_OPTIMIZATION_LEVEL = "-O";
			};
			name = Release;
		};
		2B51FD8128FEAA5700162C5C /* Debug */ = {
			isa = XCBuildConfiguration;
			buildSettings = {
				ASSETCATALOG_COMPILER_APPICON_NAME = AppIcon;
				ASSETCATALOG_COMPILER_GLOBAL_ACCENT_COLOR_NAME = AccentColor;
				CODE_SIGN_ENTITLEMENTS = MyFirstSwiftUI/MyFirstSwiftUI.entitlements;
				CODE_SIGN_STYLE = Automatic;
				CURRENT_PROJECT_VERSION = 1;
				DEVELOPMENT_ASSET_PATHS = "\"MyFirstSwiftUI/Preview Content\"";
				ENABLE_PREVIEWS = YES;
				GENERATE_INFOPLIST_FILE = YES;
				"INFOPLIST_KEY_UIApplicationSceneManifest_Generation[sdk=iphoneos*]" = YES;
				"INFOPLIST_KEY_UIApplicationSceneManifest_Generation[sdk=iphonesimulator*]" = YES;
				"INFOPLIST_KEY_UIApplicationSupportsIndirectInputEvents[sdk=iphoneos*]" = YES;
				"INFOPLIST_KEY_UIApplicationSupportsIndirectInputEvents[sdk=iphonesimulator*]" = YES;
				"INFOPLIST_KEY_UILaunchScreen_Generation[sdk=iphoneos*]" = YES;
				"INFOPLIST_KEY_UILaunchScreen_Generation[sdk=iphonesimulator*]" = YES;
				INFOPLIST_KEY_UIStatusBarStyle = UIStatusBarStyleDarkContent;
				"INFOPLIST_KEY_UIStatusBarStyle[sdk=iphoneos*]" = UIStatusBarStyleDefault;
				"INFOPLIST_KEY_UIStatusBarStyle[sdk=iphonesimulator*]" = UIStatusBarStyleDefault;
				INFOPLIST_KEY_UISupportedInterfaceOrientations_iPad = "UIInterfaceOrientationPortrait UIInterfaceOrientationPortraitUpsideDown UIInterfaceOrientationLandscapeLeft UIInterfaceOrientationLandscapeRight";
				INFOPLIST_KEY_UISupportedInterfaceOrientations_iPhone = "UIInterfaceOrientationPortrait UIInterfaceOrientationLandscapeLeft UIInterfaceOrientationLandscapeRight";
				IPHONEOS_DEPLOYMENT_TARGET = 16.0;
				LD_RUNPATH_SEARCH_PATHS = "@executable_path/Frameworks";
				"LD_RUNPATH_SEARCH_PATHS[sdk=macosx*]" = "@executable_path/../Frameworks";
				MACOSX_DEPLOYMENT_TARGET = 12.3;
				MARKETING_VERSION = 1.0;
				PRODUCT_BUNDLE_IDENTIFIER = alyosha.MyFirstSwiftUI;
				PRODUCT_NAME = "$(TARGET_NAME)";
				SDKROOT = auto;
				SUPPORTED_PLATFORMS = "iphoneos iphonesimulator macosx";
				SWIFT_EMIT_LOC_STRINGS = YES;
				SWIFT_VERSION = 5.0;
				TARGETED_DEVICE_FAMILY = "1,2";
			};
			name = Debug;
		};
		2B51FD8228FEAA5700162C5C /* Release */ = {
			isa = XCBuildConfiguration;
			buildSettings = {
				ASSETCATALOG_COMPILER_APPICON_NAME = AppIcon;
				ASSETCATALOG_COMPILER_GLOBAL_ACCENT_COLOR_NAME = AccentColor;
				CODE_SIGN_ENTITLEMENTS = MyFirstSwiftUI/MyFirstSwiftUI.entitlements;
				CODE_SIGN_STYLE = Automatic;
				CURRENT_PROJECT_VERSION = 1;
				DEVELOPMENT_ASSET_PATHS = "\"MyFirstSwiftUI/Preview Content\"";
				ENABLE_PREVIEWS = YES;
				GENERATE_INFOPLIST_FILE = YES;
				"INFOPLIST_KEY_UIApplicationSceneManifest_Generation[sdk=iphoneos*]" = YES;
				"INFOPLIST_KEY_UIApplicationSceneManifest_Generation[sdk=iphonesimulator*]" = YES;
				"INFOPLIST_KEY_UIApplicationSupportsIndirectInputEvents[sdk=iphoneos*]" = YES;
				"INFOPLIST_KEY_UIApplicationSupportsIndirectInputEvents[sdk=iphonesimulator*]" = YES;
				"INFOPLIST_KEY_UILaunchScreen_Generation[sdk=iphoneos*]" = YES;
				"INFOPLIST_KEY_UILaunchScreen_Generation[sdk=iphonesimulator*]" = YES;
				INFOPLIST_KEY_UIStatusBarStyle = UIStatusBarStyleDarkContent;
				"INFOPLIST_KEY_UIStatusBarStyle[sdk=iphoneos*]" = UIStatusBarStyleDefault;
				"INFOPLIST_KEY_UIStatusBarStyle[sdk=iphonesimulator*]" = UIStatusBarStyleDefault;
				INFOPLIST_KEY_UISupportedInterfaceOrientations_iPad = "UIInterfaceOrientationPortrait UIInterfaceOrientationPortraitUpsideDown UIInterfaceOrientationLandscapeLeft UIInterfaceOrientationLandscapeRight";
				INFOPLIST_KEY_UISupportedInterfaceOrientations_iPhone = "UIInterfaceOrientationPortrait UIInterfaceOrientationLandscapeLeft UIInterfaceOrientationLandscapeRight";
				IPHONEOS_DEPLOYMENT_TARGET = 16.0;
				LD_RUNPATH_SEARCH_PATHS = "@executable_path/Frameworks";
				"LD_RUNPATH_SEARCH_PATHS[sdk=macosx*]" = "@executable_path/../Frameworks";
				MACOSX_DEPLOYMENT_TARGET = 12.3;
				MARKETING_VERSION = 1.0;
				PRODUCT_BUNDLE_IDENTIFIER = alyosha.MyFirstSwiftUI;
				PRODUCT_NAME = "$(TARGET_NAME)";
				SDKROOT = auto;
				SUPPORTED_PLATFORMS = "iphoneos iphonesimulator macosx";
				SWIFT_EMIT_LOC_STRINGS = YES;
				SWIFT_VERSION = 5.0;
				TARGETED_DEVICE_FAMILY = "1,2";
			};
			name = Release;
		};
		2B51FD8428FEAA5700162C5C /* Debug */ = {
			isa = XCBuildConfiguration;
			buildSettings = {
				ALWAYS_EMBED_SWIFT_STANDARD_LIBRARIES = YES;
				BUNDLE_LOADER = "$(TEST_HOST)";
				CODE_SIGN_STYLE = Automatic;
				CURRENT_PROJECT_VERSION = 1;
				GENERATE_INFOPLIST_FILE = YES;
				IPHONEOS_DEPLOYMENT_TARGET = 16.0;
				MACOSX_DEPLOYMENT_TARGET = 12.3;
				MARKETING_VERSION = 1.0;
				PRODUCT_BUNDLE_IDENTIFIER = alyosha.MyFirstSwiftUITests;
				PRODUCT_NAME = "$(TARGET_NAME)";
				SDKROOT = auto;
				SUPPORTED_PLATFORMS = "iphoneos iphonesimulator macosx";
				SWIFT_EMIT_LOC_STRINGS = NO;
				SWIFT_VERSION = 5.0;
				TARGETED_DEVICE_FAMILY = "1,2";
				TEST_HOST = "$(BUILT_PRODUCTS_DIR)/MyFirstSwiftUI.app/$(BUNDLE_EXECUTABLE_FOLDER_PATH)/MyFirstSwiftUI";
			};
			name = Debug;
		};
		2B51FD8528FEAA5700162C5C /* Release */ = {
			isa = XCBuildConfiguration;
			buildSettings = {
				ALWAYS_EMBED_SWIFT_STANDARD_LIBRARIES = YES;
				BUNDLE_LOADER = "$(TEST_HOST)";
				CODE_SIGN_STYLE = Automatic;
				CURRENT_PROJECT_VERSION = 1;
				GENERATE_INFOPLIST_FILE = YES;
				IPHONEOS_DEPLOYMENT_TARGET = 16.0;
				MACOSX_DEPLOYMENT_TARGET = 12.3;
				MARKETING_VERSION = 1.0;
				PRODUCT_BUNDLE_IDENTIFIER = alyosha.MyFirstSwiftUITests;
				PRODUCT_NAME = "$(TARGET_NAME)";
				SDKROOT = auto;
				SUPPORTED_PLATFORMS = "iphoneos iphonesimulator macosx";
				SWIFT_EMIT_LOC_STRINGS = NO;
				SWIFT_VERSION = 5.0;
				TARGETED_DEVICE_FAMILY = "1,2";
				TEST_HOST = "$(BUILT_PRODUCTS_DIR)/MyFirstSwiftUI.app/$(BUNDLE_EXECUTABLE_FOLDER_PATH)/MyFirstSwiftUI";
			};
			name = Release;
		};
		2B51FD8728FEAA5700162C5C /* Debug */ = {
			isa = XCBuildConfiguration;
			buildSettings = {
				ALWAYS_EMBED_SWIFT_STANDARD_LIBRARIES = YES;
				CODE_SIGN_STYLE = Automatic;
				CURRENT_PROJECT_VERSION = 1;
				GENERATE_INFOPLIST_FILE = YES;
				IPHONEOS_DEPLOYMENT_TARGET = 16.0;
				MACOSX_DEPLOYMENT_TARGET = 12.3;
				MARKETING_VERSION = 1.0;
				PRODUCT_BUNDLE_IDENTIFIER = alyosha.MyFirstSwiftUIUITests;
				PRODUCT_NAME = "$(TARGET_NAME)";
				SDKROOT = auto;
				SUPPORTED_PLATFORMS = "iphoneos iphonesimulator macosx";
				SWIFT_EMIT_LOC_STRINGS = NO;
				SWIFT_VERSION = 5.0;
				TARGETED_DEVICE_FAMILY = "1,2";
				TEST_TARGET_NAME = MyFirstSwiftUI;
			};
			name = Debug;
		};
		2B51FD8828FEAA5700162C5C /* Release */ = {
			isa = XCBuildConfiguration;
			buildSettings = {
				ALWAYS_EMBED_SWIFT_STANDARD_LIBRARIES = YES;
				CODE_SIGN_STYLE = Automatic;
				CURRENT_PROJECT_VERSION = 1;
				GENERATE_INFOPLIST_FILE = YES;
				IPHONEOS_DEPLOYMENT_TARGET = 16.0;
				MACOSX_DEPLOYMENT_TARGET = 12.3;
				MARKETING_VERSION = 1.0;
				PRODUCT_BUNDLE_IDENTIFIER = alyosha.MyFirstSwiftUIUITests;
				PRODUCT_NAME = "$(TARGET_NAME)";
				SDKROOT = auto;
				SUPPORTED_PLATFORMS = "iphoneos iphonesimulator macosx";
				SWIFT_EMIT_LOC_STRINGS = NO;
				SWIFT_VERSION = 5.0;
				TARGETED_DEVICE_FAMILY = "1,2";
				TEST_TARGET_NAME = MyFirstSwiftUI;
			};
			name = Release;
		};
/* End XCBuildConfiguration section */

/* Begin XCConfigurationList section */
		2B51FD5628FEAA5600162C5C /* Build configuration list for PBXProject "MyFirstSwiftUI" */ = {
			isa = XCConfigurationList;
			buildConfigurations = (
				2B51FD7E28FEAA5700162C5C /* Debug */,
				2B51FD7F28FEAA5700162C5C /* Release */,
			);
			defaultConfigurationIsVisible = 0;
			defaultConfigurationName = Release;
		};
		2B51FD8028FEAA5700162C5C /* Build configuration list for PBXNativeTarget "MyFirstSwiftUI" */ = {
			isa = XCConfigurationList;
			buildConfigurations = (
				2B51FD8128FEAA5700162C5C /* Debug */,
				2B51FD8228FEAA5700162C5C /* Release */,
			);
			defaultConfigurationIsVisible = 0;
			defaultConfigurationName = Release;
		};
		2B51FD8328FEAA5700162C5C /* Build configuration list for PBXNativeTarget "MyFirstSwiftUITests" */ = {
			isa = XCConfigurationList;
			buildConfigurations = (
				2B51FD8428FEAA5700162C5C /* Debug */,
				2B51FD8528FEAA5700162C5C /* Release */,
			);
			defaultConfigurationIsVisible = 0;
			defaultConfigurationName = Release;
		};
		2B51FD8628FEAA5700162C5C /* Build configuration list for PBXNativeTarget "MyFirstSwiftUIUITests" */ = {
			isa = XCConfigurationList;
			buildConfigurations = (
				2B51FD8728FEAA5700162C5C /* Debug */,
				2B51FD8828FEAA5700162C5C /* Release */,
			);
			defaultConfigurationIsVisible = 0;
			defaultConfigurationName = Release;
		};
/* End XCConfigurationList section */
	};
	rootObject = 2B51FD5328FEAA5600162C5C /* Project object */;
}
